
Microsoft Visual Studio Solution File, Format Version 12.00
# Visual Studio Version 17
VisualStudioVersion = 17.8.34330.188
MinimumVisualStudioVersion = 10.0.40219.1
Project("{FAE04EC0-301F-11D3-BF4B-00C04F79EFBC}") = "webApiDemo", "webApiDemo\webApiDemo.csproj", "{10A44487-4639-4DB5-9CD1-C6053F74588A}"
EndProject
Global
	GlobalSection(SolutionConfigurationPlatforms) = preSolution
		Debug|Any CPU = Debug|Any CPU
		Debug|x64 = Debug|x64
		Release|Any CPU = Release|Any CPU
		Release|x64 = Release|x64
	EndGlobalSection
	GlobalSection(ProjectConfigurationPlatforms) = postSolution
		{10A44487-4639-4DB5-9CD1-C6053F74588A}.Debug|Any CPU.ActiveCfg = Debug|Any CPU
		{10A44487-4639-4DB5-9CD1-C6053F74588A}.Debug|Any CPU.Build.0 = Debug|Any CPU
		{10A44487-4639-4DB5-9CD1-C6053F74588A}.Debug|x64.ActiveCfg = Debug|x64
		{10A44487-4639-4DB5-9CD1-C6053F74588A}.Debug|x64.Build.0 = Debug|x64
		{10A44487-4639-4DB5-9CD1-C6053F74588A}.Release|Any CPU.ActiveCfg = Release|Any CPU
		{10A44487-4639-4DB5-9CD1-C6053F74588A}.Release|Any CPU.Build.0 = Release|Any CPU
		{10A44487-4639-4DB5-9CD1-C6053F74588A}.Release|x64.ActiveCfg = Release|x64
		{10A44487-4639-4DB5-9CD1-C6053F74588A}.Release|x64.Build.0 = Release|x64
	EndGlobalSection
	GlobalSection(SolutionProperties) = preSolution
		HideSolutionNode = FALSE
	EndGlobalSection
	GlobalSection(ExtensibilityGlobals) = postSolution
		SolutionGuid = {A25402E8-D429-4432-A828-D36B2E5E8084}
	EndGlobalSection
EndGlobal
